# This file is automatically @generated by Cargo.
# It is not intended for manual editing.
version = 4

[[package]]
name = "odp-agent"
version = "0.1.0"

[[package]]
name = "odp-core"
version = "0.1.0"

[[package]]
name = "odp-directory"
version = "0.1.0"

[[package]]
name = "odp-service"
version = "0.1.0"
